
Microsoft Visual Studio Solution File, Format Version 12.00
# Visual Studio Version 17
VisualStudioVersion = 17.5.33414.496
MinimumVisualStudioVersion = 10.0.40219.1
Project("{FAE04EC0-301F-11D3-BF4B-00C04F79EFBC}") = "movilzz.Android", "movilzz\movilzz.Android\movilzz.Android.csproj", "{1491AEBA-3B43-4D9C-88F9-51C5329A9E53}"
EndProject
Project("{FAE04EC0-301F-11D3-BF4B-00C04F79EFBC}") = "movilzz.iOS", "movilzz\movilzz.iOS\movilzz.iOS.csproj", "{CB91972B-A07E-4539-B495-2238F7971784}"
EndProject
Project("{FAE04EC0-301F-11D3-BF4B-00C04F79EFBC}") = "movilzz", "movilzz\movilzz\movilzz.csproj", "{568840C7-F1B6-44B9-8E62-922DC2B548A2}"
EndProject
Global
	GlobalSection(SolutionConfigurationPlatforms) = preSolution
		Debug|Any CPU = Debug|Any CPU
		Debug|iPhone = Debug|iPhone
		Debug|iPhoneSimulator = Debug|iPhoneSimulator
		Release|Any CPU = Release|Any CPU
		Release|iPhone = Release|iPhone
		Release|iPhoneSimulator = Release|iPhoneSimulator
	EndGlobalSection
	GlobalSection(ProjectConfigurationPlatforms) = postSolution
		{1491AEBA-3B43-4D9C-88F9-51C5329A9E53}.Debug|Any CPU.ActiveCfg = Debug|Any CPU
		{1491AEBA-3B43-4D9C-88F9-51C5329A9E53}.Debug|Any CPU.Build.0 = Debug|Any CPU
		{1491AEBA-3B43-4D9C-88F9-51C5329A9E53}.Debug|Any CPU.Deploy.0 = Debug|Any CPU
		{1491AEBA-3B43-4D9C-88F9-51C5329A9E53}.Debug|iPhone.ActiveCfg = Debug|Any CPU
		{1491AEBA-3B43-4D9C-88F9-51C5329A9E53}.Debug|iPhone.Build.0 = Debug|Any CPU
		{1491AEBA-3B43-4D9C-88F9-51C5329A9E53}.Debug|iPhone.Deploy.0 = Debug|Any CPU
		{1491AEBA-3B43-4D9C-88F9-51C5329A9E53}.Debug|iPhoneSimulator.ActiveCfg = Debug|Any CPU
		{1491AEBA-3B43-4D9C-88F9-51C5329A9E53}.Debug|iPhoneSimulator.Build.0 = Debug|Any CPU
		{1491AEBA-3B43-4D9C-88F9-51C5329A9E53}.Debug|iPhoneSimulator.Deploy.0 = Debug|Any CPU
		{1491AEBA-3B43-4D9C-88F9-51C5329A9E53}.Release|Any CPU.ActiveCfg = Release|Any CPU
		{1491AEBA-3B43-4D9C-88F9-51C5329A9E53}.Release|Any CPU.Build.0 = Release|Any CPU
		{1491AEBA-3B43-4D9C-88F9-51C5329A9E53}.Release|Any CPU.Deploy.0 = Release|Any CPU
		{1491AEBA-3B43-4D9C-88F9-51C5329A9E53}.Release|iPhone.ActiveCfg = Release|Any CPU
		{1491AEBA-3B43-4D9C-88F9-51C5329A9E53}.Release|iPhone.Build.0 = Release|Any CPU
		{1491AEBA-3B43-4D9C-88F9-51C5329A9E53}.Release|iPhone.Deploy.0 = Release|Any CPU
		{1491AEBA-3B43-4D9C-88F9-51C5329A9E53}.Release|iPhoneSimulator.ActiveCfg = Release|Any CPU
		{1491AEBA-3B43-4D9C-88F9-51C5329A9E53}.Release|iPhoneSimulator.Build.0 = Release|Any CPU
		{1491AEBA-3B43-4D9C-88F9-51C5329A9E53}.Release|iPhoneSimulator.Deploy.0 = Release|Any CPU
		{CB91972B-A07E-4539-B495-2238F7971784}.Debug|Any CPU.ActiveCfg = Debug|iPhone
		{CB91972B-A07E-4539-B495-2238F7971784}.Debug|Any CPU.Build.0 = Debug|iPhone
		{CB91972B-A07E-4539-B495-2238F7971784}.Debug|Any CPU.Deploy.0 = Debug|iPhone
		{CB91972B-A07E-4539-B495-2238F7971784}.Debug|iPhone.ActiveCfg = Debug|iPhone
		{CB91972B-A07E-4539-B495-2238F7971784}.Debug|iPhone.Build.0 = Debug|iPhone
		{CB91972B-A07E-4539-B495-2238F7971784}.Debug|iPhone.Deploy.0 = Debug|iPhone
		{CB91972B-A07E-4539-B495-2238F7971784}.Debug|iPhoneSimulator.ActiveCfg = Debug|iPhoneSimulator
		{CB91972B-A07E-4539-B495-2238F7971784}.Debug|iPhoneSimulator.Build.0 = Debug|iPhoneSimulator
		{CB91972B-A07E-4539-B495-2238F7971784}.Debug|iPhoneSimulator.Deploy.0 = Debug|iPhoneSimulator
		{CB91972B-A07E-4539-B495-2238F7971784}.Release|Any CPU.ActiveCfg = Release|iPhoneSimulator
		{CB91972B-A07E-4539-B495-2238F7971784}.Release|Any CPU.Build.0 = Release|iPhoneSimulator
		{CB91972B-A07E-4539-B495-2238F7971784}.Release|Any CPU.Deploy.0 = Release|iPhoneSimulator
		{CB91972B-A07E-4539-B495-2238F7971784}.Release|iPhone.ActiveCfg = Release|iPhone
		{CB91972B-A07E-4539-B495-2238F7971784}.Release|iPhone.Build.0 = Release|iPhone
		{CB91972B-A07E-4539-B495-2238F7971784}.Release|iPhone.Deploy.0 = Release|iPhone
		{CB91972B-A07E-4539-B495-2238F7971784}.Release|iPhoneSimulator.ActiveCfg = Release|iPhoneSimulator
		{CB91972B-A07E-4539-B495-2238F7971784}.Release|iPhoneSimulator.Build.0 = Release|iPhoneSimulator
		{CB91972B-A07E-4539-B495-2238F7971784}.Release|iPhoneSimulator.Deploy.0 = Release|iPhoneSimulator
		{568840C7-F1B6-44B9-8E62-922DC2B548A2}.Debug|Any CPU.ActiveCfg = Debug|Any CPU
		{568840C7-F1B6-44B9-8E62-922DC2B548A2}.Debug|Any CPU.Build.0 = Debug|Any CPU
		{568840C7-F1B6-44B9-8E62-922DC2B548A2}.Debug|Any CPU.Deploy.0 = Debug|Any CPU
		{568840C7-F1B6-44B9-8E62-922DC2B548A2}.Debug|iPhone.ActiveCfg = Debug|Any CPU
		{568840C7-F1B6-44B9-8E62-922DC2B548A2}.Debug|iPhone.Build.0 = Debug|Any CPU
		{568840C7-F1B6-44B9-8E62-922DC2B548A2}.Debug|iPhone.Deploy.0 = Debug|Any CPU
		{568840C7-F1B6-44B9-8E62-922DC2B548A2}.Debug|iPhoneSimulator.ActiveCfg = Debug|Any CPU
		{568840C7-F1B6-44B9-8E62-922DC2B548A2}.Debug|iPhoneSimulator.Build.0 = Debug|Any CPU
		{568840C7-F1B6-44B9-8E62-922DC2B548A2}.Debug|iPhoneSimulator.Deploy.0 = Debug|Any CPU
		{568840C7-F1B6-44B9-8E62-922DC2B548A2}.Release|Any CPU.ActiveCfg = Release|Any CPU
		{568840C7-F1B6-44B9-8E62-922DC2B548A2}.Release|Any CPU.Build.0 = Release|Any CPU
		{568840C7-F1B6-44B9-8E62-922DC2B548A2}.Release|Any CPU.Deploy.0 = Release|Any CPU
		{568840C7-F1B6-44B9-8E62-922DC2B548A2}.Release|iPhone.ActiveCfg = Release|Any CPU
		{568840C7-F1B6-44B9-8E62-922DC2B548A2}.Release|iPhone.Build.0 = Release|Any CPU
		{568840C7-F1B6-44B9-8E62-922DC2B548A2}.Release|iPhone.Deploy.0 = Release|Any CPU
		{568840C7-F1B6-44B9-8E62-922DC2B548A2}.Release|iPhoneSimulator.ActiveCfg = Release|Any CPU
		{568840C7-F1B6-44B9-8E62-922DC2B548A2}.Release|iPhoneSimulator.Build.0 = Release|Any CPU
		{568840C7-F1B6-44B9-8E62-922DC2B548A2}.Release|iPhoneSimulator.Deploy.0 = Release|Any CPU
	EndGlobalSection
	GlobalSection(SolutionProperties) = preSolution
		HideSolutionNode = FALSE
	EndGlobalSection
	GlobalSection(ExtensibilityGlobals) = postSolution
		SolutionGuid = {767E01DC-8319-4597-8575-E6550CF334DC}
	EndGlobalSection
EndGlobal
